
Microsoft Visual Studio Solution File, Format Version 12.00
# Visual Studio Version 16
VisualStudioVersion = 16.0.31515.178
MinimumVisualStudioVersion = 10.0.40219.1
Project("{9A19103F-16F7-4668-BE54-9A1E7A4F7556}") = "Pelika.Web", "Pelika.Web\Pelika.Web.csproj", "{3BA99C50-6DF9-461A-B00C-57D98A1119E1}"
EndProject
Project("{9A19103F-16F7-4668-BE54-9A1E7A4F7556}") = "Pelika.DataLayer", "Pelika.DataLayer\Pelika.DataLayer.csproj", "{96DE4FA9-9836-4302-95DB-B5017E6E1CAF}"
EndProject
Project("{9A19103F-16F7-4668-BE54-9A1E7A4F7556}") = "Pelika.Core", "Pelika.Core\Pelika.Core.csproj", "{24993584-7698-44F6-AB1E-84DFBAD74834}"
EndProject
Global
	GlobalSection(SolutionConfigurationPlatforms) = preSolution
		Debug|Any CPU = Debug|Any CPU
		Release|Any CPU = Release|Any CPU
	EndGlobalSection
	GlobalSection(ProjectConfigurationPlatforms) = postSolution
		{3BA99C50-6DF9-461A-B00C-57D98A1119E1}.Debug|Any CPU.ActiveCfg = Debug|Any CPU
		{3BA99C50-6DF9-461A-B00C-57D98A1119E1}.Debug|Any CPU.Build.0 = Debug|Any CPU
		{3BA99C50-6DF9-461A-B00C-57D98A1119E1}.Release|Any CPU.ActiveCfg = Release|Any CPU
		{3BA99C50-6DF9-461A-B00C-57D98A1119E1}.Release|Any CPU.Build.0 = Release|Any CPU
		{96DE4FA9-9836-4302-95DB-B5017E6E1CAF}.Debug|Any CPU.ActiveCfg = Debug|Any CPU
		{96DE4FA9-9836-4302-95DB-B5017E6E1CAF}.Debug|Any CPU.Build.0 = Debug|Any CPU
		{96DE4FA9-9836-4302-95DB-B5017E6E1CAF}.Release|Any CPU.ActiveCfg = Release|Any CPU
		{96DE4FA9-9836-4302-95DB-B5017E6E1CAF}.Release|Any CPU.Build.0 = Release|Any CPU
		{24993584-7698-44F6-AB1E-84DFBAD74834}.Debug|Any CPU.ActiveCfg = Debug|Any CPU
		{24993584-7698-44F6-AB1E-84DFBAD74834}.Debug|Any CPU.Build.0 = Debug|Any CPU
		{24993584-7698-44F6-AB1E-84DFBAD74834}.Release|Any CPU.ActiveCfg = Release|Any CPU
		{24993584-7698-44F6-AB1E-84DFBAD74834}.Release|Any CPU.Build.0 = Release|Any CPU
	EndGlobalSection
	GlobalSection(SolutionProperties) = preSolution
		HideSolutionNode = FALSE
	EndGlobalSection
	GlobalSection(ExtensibilityGlobals) = postSolution
		SolutionGuid = {4FACE689-B561-49BD-9D29-518755881268}
	EndGlobalSection
EndGlobal
